
Microsoft Visual Studio Solution File, Format Version 12.00
# Visual Studio Version 17
VisualStudioVersion = 17.12.35728.132
MinimumVisualStudioVersion = 10.0.40219.1
Project("{FAE04EC0-301F-11D3-BF4B-00C04F79EFBC}") = "FiapStore", "FiapStore\FiapStore.csproj", "{62A80045-79BF-45A1-8A26-408B869C135F}"
EndProject
Project("{FAE04EC0-301F-11D3-BF4B-00C04F79EFBC}") = "Core", "Core\Core.csproj", "{76956A45-0BFA-4469-9215-A2A517D563A8}"
EndProject
Project("{FAE04EC0-301F-11D3-BF4B-00C04F79EFBC}") = "Infrastructure", "Infrastructure\Infrastructure.csproj", "{D2E916E9-A35F-4219-93ED-51296868949E}"
EndProject
Project("{FAE04EC0-301F-11D3-BF4B-00C04F79EFBC}") = "Infrastructure.Scaffold", "Infrastructure.Scaffold\Infrastructure.Scaffold.csproj", "{DED0E20F-0C49-4598-A6DC-0FF9DFB61F45}"
EndProject
Global
	GlobalSection(SolutionConfigurationPlatforms) = preSolution
		Debug|Any CPU = Debug|Any CPU
		Release|Any CPU = Release|Any CPU
	EndGlobalSection
	GlobalSection(ProjectConfigurationPlatforms) = postSolution
		{62A80045-79BF-45A1-8A26-408B869C135F}.Debug|Any CPU.ActiveCfg = Debug|Any CPU
		{62A80045-79BF-45A1-8A26-408B869C135F}.Debug|Any CPU.Build.0 = Debug|Any CPU
		{62A80045-79BF-45A1-8A26-408B869C135F}.Release|Any CPU.ActiveCfg = Release|Any CPU
		{62A80045-79BF-45A1-8A26-408B869C135F}.Release|Any CPU.Build.0 = Release|Any CPU
		{76956A45-0BFA-4469-9215-A2A517D563A8}.Debug|Any CPU.ActiveCfg = Debug|Any CPU
		{76956A45-0BFA-4469-9215-A2A517D563A8}.Debug|Any CPU.Build.0 = Debug|Any CPU
		{76956A45-0BFA-4469-9215-A2A517D563A8}.Release|Any CPU.ActiveCfg = Release|Any CPU
		{76956A45-0BFA-4469-9215-A2A517D563A8}.Release|Any CPU.Build.0 = Release|Any CPU
		{D2E916E9-A35F-4219-93ED-51296868949E}.Debug|Any CPU.ActiveCfg = Debug|Any CPU
		{D2E916E9-A35F-4219-93ED-51296868949E}.Debug|Any CPU.Build.0 = Debug|Any CPU
		{D2E916E9-A35F-4219-93ED-51296868949E}.Release|Any CPU.ActiveCfg = Release|Any CPU
		{D2E916E9-A35F-4219-93ED-51296868949E}.Release|Any CPU.Build.0 = Release|Any CPU
		{DED0E20F-0C49-4598-A6DC-0FF9DFB61F45}.Debug|Any CPU.ActiveCfg = Debug|Any CPU
		{DED0E20F-0C49-4598-A6DC-0FF9DFB61F45}.Debug|Any CPU.Build.0 = Debug|Any CPU
		{DED0E20F-0C49-4598-A6DC-0FF9DFB61F45}.Release|Any CPU.ActiveCfg = Release|Any CPU
		{DED0E20F-0C49-4598-A6DC-0FF9DFB61F45}.Release|Any CPU.Build.0 = Release|Any CPU
	EndGlobalSection
	GlobalSection(SolutionProperties) = preSolution
		HideSolutionNode = FALSE
	EndGlobalSection
EndGlobal
